
Microsoft Visual Studio Solution File, Format Version 11.00
# Visual Studio 2010
Project("{FAE04EC0-301F-11D3-BF4B-00C04F79EFBC}") = "Assembly-CSharp", "Assembly-CSharp.csproj", "{2402AECF-7F2C-8214-7209-962732A72E66}"
EndProject
Project("{FAE04EC0-301F-11D3-BF4B-00C04F79EFBC}") = "Assembly-CSharp-Editor", "Assembly-CSharp-Editor.csproj", "{A30BE2BD-7711-C918-4624-89869B3B82BB}"
EndProject
Global
	GlobalSection(SolutionConfigurationPlatforms) = preSolution
		Debug|Any CPU = Debug|Any CPU
		Release|Any CPU = Release|Any CPU
	EndGlobalSection
	GlobalSection(ProjectConfigurationPlatforms) = postSolution
		{2402AECF-7F2C-8214-7209-962732A72E66}.Debug|Any CPU.ActiveCfg = Debug|Any CPU
		{2402AECF-7F2C-8214-7209-962732A72E66}.Debug|Any CPU.Build.0 = Debug|Any CPU
		{2402AECF-7F2C-8214-7209-962732A72E66}.Release|Any CPU.ActiveCfg = Release|Any CPU
		{2402AECF-7F2C-8214-7209-962732A72E66}.Release|Any CPU.Build.0 = Release|Any CPU
		{A30BE2BD-7711-C918-4624-89869B3B82BB}.Debug|Any CPU.ActiveCfg = Debug|Any CPU
		{A30BE2BD-7711-C918-4624-89869B3B82BB}.Debug|Any CPU.Build.0 = Debug|Any CPU
		{A30BE2BD-7711-C918-4624-89869B3B82BB}.Release|Any CPU.ActiveCfg = Release|Any CPU
		{A30BE2BD-7711-C918-4624-89869B3B82BB}.Release|Any CPU.Build.0 = Release|Any CPU
	EndGlobalSection
	GlobalSection(SolutionProperties) = preSolution
		HideSolutionNode = FALSE
	EndGlobalSection
EndGlobal
